
Microsoft Visual Studio Solution File, Format Version 12.00
# Visual Studio Version 17
VisualStudioVersion = 17.1.32319.34
MinimumVisualStudioVersion = 10.0.40219.1
Project("{9A19103F-16F7-4668-BE54-9A1E7A4F7556}") = "CandidateTesting.DanielCarvalho.Presentation", "CandidateTesting.DanielCarvalho\CandidateTesting.DanielCarvalho.Presentation.csproj", "{6FBB9F27-14B5-4DAB-98BC-892F1FFA0885}"
EndProject
Project("{2150E333-8FDC-42A3-9474-1A3956D46DE8}") = "3 - Domain", "3 - Domain", "{CE8AC605-1FEA-4F5C-AE9D-DFEAAD6154FA}"
EndProject
Project("{2150E333-8FDC-42A3-9474-1A3956D46DE8}") = "2 - Application", "2 - Application", "{81F0183B-C2EA-4824-AF1F-762016D77A0B}"
EndProject
Project("{2150E333-8FDC-42A3-9474-1A3956D46DE8}") = "4 - Infra", "4 - Infra", "{D98C489D-AD48-4859-9F31-E65732A6E626}"
EndProject
Project("{2150E333-8FDC-42A3-9474-1A3956D46DE8}") = "1 - Console", "1 - Console", "{311D24EC-6823-42E4-B5AA-4B9941584784}"
EndProject
Project("{9A19103F-16F7-4668-BE54-9A1E7A4F7556}") = "CandidateTesting.DanielCarvalho.Application", "CandidateTesting.DanielCarvalho.Application\CandidateTesting.DanielCarvalho.Application.csproj", "{6262068C-674F-4D0D-9300-08C2E3957F1D}"
EndProject
Project("{9A19103F-16F7-4668-BE54-9A1E7A4F7556}") = "CandidateTesting.DanielCarvalho.Domain", "CandidateTesting.DanielCarvalho.Models\CandidateTesting.DanielCarvalho.Domain.csproj", "{946657A6-D078-479F-B1BB-AC11D3227BFB}"
EndProject
Project("{9A19103F-16F7-4668-BE54-9A1E7A4F7556}") = "CandidateTesting.DanielCarvalho.Infra.CrossCutting.IoC", "CandidateTesting.DanielCarvalho.Infra\CandidateTesting.DanielCarvalho.Infra.CrossCutting.IoC.csproj", "{C539422D-89A0-4B31-964E-1177842ABA58}"
EndProject
Project("{2150E333-8FDC-42A3-9474-1A3956D46DE8}") = "4 .2 - CrossCutting", "4 .2 - CrossCutting", "{256A469E-002D-488F-8EAD-586E7949BBF6}"
EndProject
Project("{2150E333-8FDC-42A3-9474-1A3956D46DE8}") = "4.1 - Data", "4.1 - Data", "{1A46EE66-A441-420C-BC73-4E1F8564A7DF}"
EndProject
Project("{9A19103F-16F7-4668-BE54-9A1E7A4F7556}") = "CandidateTesting.DanielCarvalho.Infra.Data", "CandidateTesting.DanielCarvalho.Infra.Data\CandidateTesting.DanielCarvalho.Infra.Data.csproj", "{C86B3B82-0599-47C9-A740-0AC7F08B0654}"
EndProject
Project("{2150E333-8FDC-42A3-9474-1A3956D46DE8}") = "5 - Test", "5 - Test", "{8698A70E-68F5-45E7-A047-F9A97C7184B0}"
EndProject
Project("{FAE04EC0-301F-11D3-BF4B-00C04F79EFBC}") = "CandidateTesting.DanielCarvalho.Test", "CandidateTesting.DanielCarvalho.Test\CandidateTesting.DanielCarvalho.Test.csproj", "{E606413C-2908-401E-BB21-D7E9F4B558FE}"
EndProject
Project("{2150E333-8FDC-42A3-9474-1A3956D46DE8}") = "6 - Files", "6 - Files", "{4218DA4D-E388-4E68-AB3F-D8A1CA238B37}"
	ProjectSection(SolutionItems) = preProject
		File_Test_Empty.txt = File_Test_Empty.txt
		File_Test_Header_Incorrect.txt = File_Test_Header_Incorrect.txt
		File_Test_Incorrect_Method.txt = File_Test_Incorrect_Method.txt
		File_Test_Incorrect_Sequence.txt = File_Test_Incorrect_Sequence.txt
		File_Test_Incorrect_Status_Code.txt = File_Test_Incorrect_Status_Code.txt
	EndProjectSection
EndProject
Global
	GlobalSection(SolutionConfigurationPlatforms) = preSolution
		Debug|Any CPU = Debug|Any CPU
		Release|Any CPU = Release|Any CPU
	EndGlobalSection
	GlobalSection(ProjectConfigurationPlatforms) = postSolution
		{6FBB9F27-14B5-4DAB-98BC-892F1FFA0885}.Debug|Any CPU.ActiveCfg = Debug|Any CPU
		{6FBB9F27-14B5-4DAB-98BC-892F1FFA0885}.Debug|Any CPU.Build.0 = Debug|Any CPU
		{6FBB9F27-14B5-4DAB-98BC-892F1FFA0885}.Release|Any CPU.ActiveCfg = Release|Any CPU
		{6FBB9F27-14B5-4DAB-98BC-892F1FFA0885}.Release|Any CPU.Build.0 = Release|Any CPU
		{6262068C-674F-4D0D-9300-08C2E3957F1D}.Debug|Any CPU.ActiveCfg = Debug|Any CPU
		{6262068C-674F-4D0D-9300-08C2E3957F1D}.Debug|Any CPU.Build.0 = Debug|Any CPU
		{6262068C-674F-4D0D-9300-08C2E3957F1D}.Release|Any CPU.ActiveCfg = Release|Any CPU
		{6262068C-674F-4D0D-9300-08C2E3957F1D}.Release|Any CPU.Build.0 = Release|Any CPU
		{946657A6-D078-479F-B1BB-AC11D3227BFB}.Debug|Any CPU.ActiveCfg = Debug|Any CPU
		{946657A6-D078-479F-B1BB-AC11D3227BFB}.Debug|Any CPU.Build.0 = Debug|Any CPU
		{946657A6-D078-479F-B1BB-AC11D3227BFB}.Release|Any CPU.ActiveCfg = Release|Any CPU
		{946657A6-D078-479F-B1BB-AC11D3227BFB}.Release|Any CPU.Build.0 = Release|Any CPU
		{C539422D-89A0-4B31-964E-1177842ABA58}.Debug|Any CPU.ActiveCfg = Debug|Any CPU
		{C539422D-89A0-4B31-964E-1177842ABA58}.Debug|Any CPU.Build.0 = Debug|Any CPU
		{C539422D-89A0-4B31-964E-1177842ABA58}.Release|Any CPU.ActiveCfg = Release|Any CPU
		{C539422D-89A0-4B31-964E-1177842ABA58}.Release|Any CPU.Build.0 = Release|Any CPU
		{C86B3B82-0599-47C9-A740-0AC7F08B0654}.Debug|Any CPU.ActiveCfg = Debug|Any CPU
		{C86B3B82-0599-47C9-A740-0AC7F08B0654}.Debug|Any CPU.Build.0 = Debug|Any CPU
		{C86B3B82-0599-47C9-A740-0AC7F08B0654}.Release|Any CPU.ActiveCfg = Release|Any CPU
		{C86B3B82-0599-47C9-A740-0AC7F08B0654}.Release|Any CPU.Build.0 = Release|Any CPU
		{E606413C-2908-401E-BB21-D7E9F4B558FE}.Debug|Any CPU.ActiveCfg = Debug|Any CPU
		{E606413C-2908-401E-BB21-D7E9F4B558FE}.Debug|Any CPU.Build.0 = Debug|Any CPU
		{E606413C-2908-401E-BB21-D7E9F4B558FE}.Release|Any CPU.ActiveCfg = Release|Any CPU
		{E606413C-2908-401E-BB21-D7E9F4B558FE}.Release|Any CPU.Build.0 = Release|Any CPU
	EndGlobalSection
	GlobalSection(SolutionProperties) = preSolution
		HideSolutionNode = FALSE
	EndGlobalSection
	GlobalSection(NestedProjects) = preSolution
		{6FBB9F27-14B5-4DAB-98BC-892F1FFA0885} = {311D24EC-6823-42E4-B5AA-4B9941584784}
		{6262068C-674F-4D0D-9300-08C2E3957F1D} = {81F0183B-C2EA-4824-AF1F-762016D77A0B}
		{946657A6-D078-479F-B1BB-AC11D3227BFB} = {CE8AC605-1FEA-4F5C-AE9D-DFEAAD6154FA}
		{C539422D-89A0-4B31-964E-1177842ABA58} = {256A469E-002D-488F-8EAD-586E7949BBF6}
		{256A469E-002D-488F-8EAD-586E7949BBF6} = {D98C489D-AD48-4859-9F31-E65732A6E626}
		{1A46EE66-A441-420C-BC73-4E1F8564A7DF} = {D98C489D-AD48-4859-9F31-E65732A6E626}
		{C86B3B82-0599-47C9-A740-0AC7F08B0654} = {1A46EE66-A441-420C-BC73-4E1F8564A7DF}
		{E606413C-2908-401E-BB21-D7E9F4B558FE} = {8698A70E-68F5-45E7-A047-F9A97C7184B0}
	EndGlobalSection
	GlobalSection(ExtensibilityGlobals) = postSolution
		SolutionGuid = {278D03D6-E5E2-414A-90EC-EBFE9E63FAE8}
	EndGlobalSection
EndGlobal
